<?xml version="1.0"?>
<CONFIG>
  <ProjectOptions>
    <Version Value="9"/>
    <General>
      <MainUnit Value="0"/>
      <ResourceType Value="res"/>
      <UseXPManifest Value="True"/>
    </General>
    <i18n>
      <EnableI18N LFM="False"/>
    </i18n>
    <VersionInfo>
      <StringTable ProductVersion=""/>
    </VersionInfo>
    <BuildModes Count="1">
      <Item1 Name="Default" Default="True"/>
    </BuildModes>
    <PublishOptions>
      <Version Value="2"/>
      <DestinationDirectory Value="/home/ahmed/Dropbox/Miniprojet/V1337 - FINALE"/>
      <IncludeFileFilter Value="*.(pas|pp|inc|lfm|lpr|lrs|lpi|lpk|sh|xml|jpg|png|txt)"/>
      <ExcludeFileFilter Value="*.(bak|ppu|o|so);*~;backup"/>
    </PublishOptions>
    <RunParams>
      <local>
        <FormatVersion Value="1"/>
        <LaunchingApplication PathPlusParams="/usr/bin/xterm -T 'Lazarus Run Output' -e $(LazarusDir)/tools/runwait.sh $(TargetCmdLine)"/>
      </local>
    </RunParams>
    <RequiredPackages Count="1">
      <Item1>
        <PackageName Value="LCL"/>
      </Item1>
    </RequiredPackages>
    <Units Count="16">
      <Unit0>
        <Filename Value="insacity.lpr"/>
        <IsPartOfProject Value="True"/>
        <UnitName Value="insacity"/>
      </Unit0>
      <Unit1>
        <Filename Value="umain.pas"/>
        <IsPartOfProject Value="True"/>
        <ComponentName Value="Form1"/>
        <ResourceBaseClass Value="Form"/>
        <UnitName Value="umain"/>
      </Unit1>
      <Unit2>
        <Filename Value="ubuilding.pas"/>
        <IsPartOfProject Value="True"/>
        <UnitName Value="ubuilding"/>
      </Unit2>
      <Unit3>
        <Filename Value="ugame.pas"/>
        <IsPartOfProject Value="True"/>
        <UnitName Value="ugame"/>
      </Unit3>
      <Unit4>
        <Filename Value="umap.pas"/>
        <IsPartOfProject Value="True"/>
        <UnitName Value="umap"/>
      </Unit4>
      <Unit5>
        <Filename Value="umayor.pas"/>
        <IsPartOfProject Value="True"/>
        <UnitName Value="umayor"/>
      </Unit5>
      <Unit6>
        <Filename Value="umisc.pas"/>
        <IsPartOfProject Value="True"/>
        <UnitName Value="umisc"/>
      </Unit6>
      <Unit7>
        <Filename Value="umusic.pas"/>
        <IsPartOfProject Value="True"/>
        <UnitName Value="umusic"/>
      </Unit7>
      <Unit8>
        <Filename Value="unotif.pas"/>
        <IsPartOfProject Value="True"/>
        <UnitName Value="unotif"/>
      </Unit8>
      <Unit9>
        <Filename Value="upoints.pas"/>
        <IsPartOfProject Value="True"/>
        <UnitName Value="upoints"/>
      </Unit9>
      <Unit10>
        <Filename Value="uprogressbar.pas"/>
        <IsPartOfProject Value="True"/>
        <UnitName Value="uprogressbar"/>
      </Unit10>
      <Unit11>
        <Filename Value="uquest.pas"/>
        <IsPartOfProject Value="True"/>
        <UnitName Value="uquest"/>
      </Unit11>
      <Unit12>
        <Filename Value="usummary.pas"/>
        <IsPartOfProject Value="True"/>
        <UnitName Value="usummary"/>
      </Unit12>
      <Unit13>
        <Filename Value="utext.pas"/>
        <IsPartOfProject Value="True"/>
        <UnitName Value="utext"/>
      </Unit13>
      <Unit14>
        <Filename Value="utimer.pas"/>
        <IsPartOfProject Value="True"/>
        <UnitName Value="utimer"/>
      </Unit14>
      <Unit15>
        <Filename Value="utools.pas"/>
        <IsPartOfProject Value="True"/>
        <UnitName Value="utools"/>
      </Unit15>
    </Units>
  </ProjectOptions>
  <CompilerOptions>
    <Version Value="9"/>
    <Target>
      <Filename Value="insacity"/>
    </Target>
    <SearchPaths>
      <IncludeFiles Value="$(ProjOutDir)"/>
      <UnitOutputDirectory Value="lib/$(TargetCPU)-$(TargetOS)"/>
    </SearchPaths>
    <CodeGeneration>
      <Optimizations>
        <OptimizationLevel Value="2"/>
      </Optimizations>
    </CodeGeneration>
    <Linking>
      <Debugging>
        <StripSymbols Value="True"/>
      </Debugging>
      <LinkSmart Value="True"/>
      <Options>
        <Win32>
          <GraphicApplication Value="True"/>
        </Win32>
      </Options>
    </Linking>
    <Other>
      <CompilerMessages>
        <UseMsgFile Value="True"/>
      </CompilerMessages>
      <CompilerPath Value="$(CompPath)"/>
    </Other>
  </CompilerOptions>
</CONFIG>
